
Microsoft Visual Studio Solution File, Format Version 12.00
# Visual Studio Version 17
VisualStudioVersion = 17.4.33403.182
MinimumVisualStudioVersion = 10.0.40219.1
Project("{FAE04EC0-301F-11D3-BF4B-00C04F79EFBC}") = "BigData", "BigData\BigData.csproj", "{EB126559-4FFE-494B-BBD0-5216B60B80CB}"
EndProject
Global
	GlobalSection(SolutionConfigurationPlatforms) = preSolution
		Debug|Any CPU = Debug|Any CPU
		Release|Any CPU = Release|Any CPU
	EndGlobalSection
	GlobalSection(ProjectConfigurationPlatforms) = postSolution
		{EB126559-4FFE-494B-BBD0-5216B60B80CB}.Debug|Any CPU.ActiveCfg = Debug|Any CPU
		{EB126559-4FFE-494B-BBD0-5216B60B80CB}.Debug|Any CPU.Build.0 = Debug|Any CPU
		{EB126559-4FFE-494B-BBD0-5216B60B80CB}.Release|Any CPU.ActiveCfg = Release|Any CPU
		{EB126559-4FFE-494B-BBD0-5216B60B80CB}.Release|Any CPU.Build.0 = Release|Any CPU
	EndGlobalSection
	GlobalSection(SolutionProperties) = preSolution
		HideSolutionNode = FALSE
	EndGlobalSection
	GlobalSection(ExtensibilityGlobals) = postSolution
		SolutionGuid = {AE23B38B-E772-462D-AF49-1435DD284A55}
	EndGlobalSection
EndGlobal
